PATH
  remote: ..
  specs:
    mutant (0.15.0)
      diff-lcs (>= 1.6, < 3)
      irb (~> 1.15)
      parser (~> 3.3.10)
      regexp_parser (~> 2.10)
      sorbet-runtime (~> 0.6.0)
      unparser (~> 0.8.2)
    mutant-rspec (0.15.0)
      mutant (= 0.15.0)
      rspec-core (>= 3.8.0, < 5.0.0)

GEM
  remote: https://rubygems.org/
  specs:
    adamantium (0.2.0)
      ice_nine (~> 0.11.0)
      memoizable (~> 0.4.0)
    ast (2.4.3)
    date (3.5.1)
    diff-lcs (1.6.2)
    erb (6.0.1)
    ice_nine (0.11.2)
    io-console (0.8.2)
    irb (1.17.0)
      pp (>= 0.6.0)
      prism (>= 1.3.0)
      rdoc (>= 4.0.0)
      reline (>= 0.4.2)
    memoizable (0.4.2)
      thread_safe (~> 0.3, >= 0.3.1)
    parser (3.3.10.2)
      ast (~> 2.4.1)
      racc
    pp (0.6.3)
      prettyprint
    prettyprint (0.2.0)
    prism (1.9.0)
    psych (5.3.1)
      date
      stringio
    racc (1.8.1)
    rdoc (7.2.0)
      erb
      psych (>= 4.0.0)
      tsort
    regexp_parser (2.11.3)
    reline (0.6.3)
      io-console (~> 0.5)
    rspec (4.0.0.beta1)
      rspec-core (= 4.0.0.beta1)
      rspec-expectations (= 4.0.0.beta1)
      rspec-mocks (= 4.0.0.beta1)
    rspec-core (4.0.0.beta1)
      rspec-support (= 4.0.0.beta1)
    rspec-expectations (4.0.0.beta1)
      diff-lcs (>= 1.6.0, < 3.0)
      rspec-support (= 4.0.0.beta1)
    rspec-mocks (4.0.0.beta1)
      diff-lcs (>= 1.6.0, < 3.0)
      rspec-support (= 4.0.0.beta1)
    rspec-support (4.0.0.beta1)
    sorbet-runtime (0.6.12956)
    stringio (3.2.0)
    thread_safe (0.3.6)
    tsort (0.2.0)
    unparser (0.8.2)
      diff-lcs (>= 1.6, < 3)
      parser (>= 3.3.0)
      prism (>= 1.5.1)

PLATFORMS
  arm64-darwin-25
  ruby
  x86_64-linux

DEPENDENCIES
  adamantium
  mutant!
  mutant-rspec!
  rspec (= 4.0.0.beta1)
  rspec-core (= 4.0.0.beta1)

CHECKSUMS
  adamantium (0.2.0) sha256=5379dc1090ec6ce115eaed4271a2056f3b72ee94d1ff866a169bbb37a3c8c504
  ast (2.4.3) sha256=954615157c1d6a382bc27d690d973195e79db7f55e9765ac7c481c60bdb4d383
  date (3.5.1) sha256=750d06384d7b9c15d562c76291407d89e368dda4d4fff957eb94962d325a0dc0
  diff-lcs (1.6.2) sha256=9ae0d2cba7d4df3075fe8cd8602a8604993efc0dfa934cff568969efb1909962
  erb (6.0.1) sha256=28ecdd99c5472aebd5674d6061e3c6b0a45c049578b071e5a52c2a7f13c197e5
  ice_nine (0.11.2) sha256=5d506a7d2723d5592dc121b9928e4931742730131f22a1a37649df1c1e2e63db
  io-console (0.8.2) sha256=d6e3ae7a7cc7574f4b8893b4fca2162e57a825b223a177b7afa236c5ef9814cc
  irb (1.17.0) sha256=168c4ddb93d8a361a045c41d92b2952c7a118fa73f23fe14e55609eb7a863aae
  memoizable (0.4.2) sha256=acf4d2280fea019318e61cfc5e69077dcb3c2126817ee596ffd76d0ddf5e826c
  mutant (0.15.0)
  mutant-rspec (0.15.0)
  parser (3.3.10.2) sha256=6f60c84aa4bdcedb6d1a2434b738fe8a8136807b6adc8f7f53b97da9bc4e9357
  pp (0.6.3) sha256=2951d514450b93ccfeb1df7d021cae0da16e0a7f95ee1e2273719669d0ab9df6
  prettyprint (0.2.0) sha256=2bc9e15581a94742064a3cc8b0fb9d45aae3d03a1baa6ef80922627a0766f193
  prism (1.9.0) sha256=7b530c6a9f92c24300014919c9dcbc055bf4cdf51ec30aed099b06cd6674ef85
  psych (5.3.1) sha256=eb7a57cef10c9d70173ff74e739d843ac3b2c019a003de48447b2963d81b1974
  racc (1.8.1) sha256=4a7f6929691dbec8b5209a0b373bc2614882b55fc5d2e447a21aaa691303d62f
  rdoc (7.2.0) sha256=8650f76cd4009c3b54955eb5d7e3a075c60a57276766ebf36f9085e8c9f23192
  regexp_parser (2.11.3) sha256=ca13f381a173b7a93450e53459075c9b76a10433caadcb2f1180f2c741fc55a4
  reline (0.6.3) sha256=1198b04973565b36ec0f11542ab3f5cfeeec34823f4e54cebde90968092b1835
  rspec (4.0.0.beta1) sha256=7edd7fb4e25fe5544146268196bc43b610851ea61581f38fe6ac1f03f4ca6114
  rspec-core (4.0.0.beta1) sha256=11ad8b2f752d08aa5ecc699bd534f2253fe0939144af94365791f99bbefb575e
  rspec-expectations (4.0.0.beta1) sha256=39b3d6b32876796a669ba3128b57a1dc0157056662e5a1ba6447b64831628904
  rspec-mocks (4.0.0.beta1) sha256=6d88d9d89ebc16865ca748a1319740e3f8f5c3ca5c801c0c4cb2b8b76b91c95e
  rspec-support (4.0.0.beta1) sha256=8f1231c022af7ccabe527ae05c53a8fab7e59fac5d0cc0e07452c8a395c06a44
  sorbet-runtime (0.6.12956) sha256=fee716a62d0b1d94ebc8e6ba23e76a7654eeac66c1f5cc1e1bef78b8e9ff87c7
  stringio (3.2.0) sha256=c37cb2e58b4ffbd33fe5cd948c05934af997b36e0b6ca6fdf43afa234cf222e1
  thread_safe (0.3.6) sha256=9ed7072821b51c57e8d6b7011a8e282e25aeea3a4065eab326e43f66f063b05a
  tsort (0.2.0) sha256=9650a793f6859a43b6641671278f79cfead60ac714148aabe4e3f0060480089f
  unparser (0.8.2) sha256=654af48a6cfa25baf145563e01f40c60ca7d5c7520ff506912d0bb2f1240fd00

BUNDLED WITH
  4.0.6
