PATH
  remote: ..
  specs:
    mutant (0.13.3)
      diff-lcs (~> 1.3)
      irb (~> 1.15.2)
      parser (~> 3.3.0)
      regexp_parser (~> 2.10)
      sorbet-runtime (~> 0.5.0)
      unparser (~> 0.8.0)
    mutant-minitest (0.13.3)
      minitest (~> 5.11)
      mutant (= 0.13.3)
      mutex_m (~> 0.2)

GEM
  remote: https://rubygems.org/
  specs:
    ast (2.4.3)
    date (3.4.1)
    diff-lcs (1.6.2)
    erb (5.0.1)
    io-console (0.8.0)
    irb (1.15.2)
      pp (>= 0.6.0)
      rdoc (>= 4.0.0)
      reline (>= 0.4.2)
    minitest (5.25.5)
    mutex_m (0.3.0)
    parser (3.3.8.0)
      ast (~> 2.4.1)
      racc
    pp (0.6.2)
      prettyprint
    prettyprint (0.2.0)
    prism (1.4.0)
    psych (5.2.6)
      date
      stringio
    racc (1.8.1)
    rdoc (6.14.1)
      erb
      psych (>= 4.0.0)
    regexp_parser (2.10.0)
    reline (0.6.1)
      io-console (~> 0.5)
    sorbet-runtime (0.5.12194)
    stringio (3.1.7)
    unparser (0.8.0)
      diff-lcs (~> 1.6)
      parser (>= 3.3.0)
      prism (>= 1.4)

PLATFORMS
  ruby
  x86_64-linux

DEPENDENCIES
  mutant!
  mutant-minitest!

BUNDLED WITH
   2.6.2
