PATH
  remote: ..
  specs:
    mutant (0.11.30)
      diff-lcs (~> 1.3)
      parser (~> 3.3.0)
      regexp_parser (~> 2.9.0)
      sorbet-runtime (~> 0.5.0)
      unparser (~> 0.6.9)
    mutant-minitest (0.11.30)
      minitest (~> 5.11)
      mutant (= 0.11.30)

GEM
  remote: https://oss:Px2ENN7S91OmWaD5G7MIQJi1dmtmYrEh@gem.mutant.dev/
  specs:
    mutant-license (0.1.1.2.2355046999240944981729280251890364410689.5)

GEM
  remote: https://rubygems.org/
  specs:
    ast (2.4.2)
    diff-lcs (1.5.0)
    minitest (5.17.0)
    parser (3.3.0.2)
      ast (~> 2.4.1)
      racc
    racc (1.7.1)
    regexp_parser (2.9.0)
    sorbet-runtime (0.5.10607)
    unparser (0.6.9)
      diff-lcs (~> 1.3)
      parser (>= 3.2.2.4)

PLATFORMS
  x86_64-linux

DEPENDENCIES
  mutant!
  mutant-license!
  mutant-minitest!

BUNDLED WITH
   2.4.2
