PATH
  remote: ../..
  specs:
    mutant (0.16.3)
      diff-lcs (>= 1.6, < 3)
      irb (~> 1.15)
      parser (~> 3.3.10)
      regexp_parser (~> 2.10)
      securerandom (>= 0.3)
      sorbet-runtime (~> 0.6.0)
      unparser (>= 0.8.2, < 0.10)
    mutant-test-unit (0.16.3)
      mutant (= 0.16.3)
      test-unit (>= 3.0, < 4)

GEM
  remote: https://rubygems.org/
  specs:
    ast (2.4.3)
    diff-lcs (2.0.0)
    erb (6.0.7)
    io-console (0.9.2)
    irb (1.18.0)
      pp (>= 0.6.0)
      prism (>= 1.3.0)
      rdoc (>= 4.0.0)
      reline (>= 0.4.2)
    logger (1.7.0)
    parser (3.3.12.0)
      ast (~> 2.4.1)
      racc
    power_assert (3.1.0)
    pp (0.6.4)
      prettyprint
    prettyprint (0.2.0)
    prism (1.9.0)
    racc (1.8.1)
    rbs (4.1.3)
      logger
      prism (>= 1.6.0)
      tsort
    rdoc (8.0.0)
      erb
      prism (>= 1.6.0)
      rbs (>= 4.0.0)
      tsort
    regexp_parser (2.12.0)
    reline (0.7.0)
      io-console (~> 0.5)
    securerandom (0.4.1)
    sorbet-runtime (0.6.13427)
    test-unit (3.7.8)
      power_assert
    tsort (0.2.0)
    unparser (0.9.0)
      diff-lcs (>= 1.6, < 3)
      parser (>= 3.3.0)
      prism (>= 1.5.1)

PLATFORMS
  arm64-darwin-25
  ruby

DEPENDENCIES
  mutant!
  mutant-test-unit!
  test-unit

CHECKSUMS
  ast (2.4.3) sha256=954615157c1d6a382bc27d690d973195e79db7f55e9765ac7c481c60bdb4d383
  diff-lcs (2.0.0) sha256=708a5d52ec2945b50f8f53a181174aa1ef2c496edf81c05957fe956dabb363d5
  erb (6.0.7) sha256=c5ca6dc25b0ef974a44dc8f59fe847577122483b1968a38dec305c60bf91ee92
  io-console (0.9.2) sha256=efa74f891dd03c0939a931dfc6e74c2813d904763d456ea9762b0525e748db08
  irb (1.18.0) sha256=de9454a0703a54704b9811a5ef31a60c86949fbf4013fcf244fabc7c775248e3
  logger (1.7.0) sha256=196edec7cc44b66cfb40f9755ce11b392f21f7967696af15d274dde7edff0203
  mutant (0.16.3)
  mutant-test-unit (0.16.3)
  parser (3.3.12.0) sha256=21a6d7f755d5a24dfbdc6e6b772e4e879a52e7631a88bc5a3a134606052c9828
  power_assert (3.1.0) sha256=fefe98ed5d3140628138f3f9f9194d6ece01f1320e69700d3c928adca7518251
  pp (0.6.4) sha256=dfcb0fce700c41456265922884f9fe195d7fbb0674a3578e6c0f69588e82b570
  prettyprint (0.2.0) sha256=2bc9e15581a94742064a3cc8b0fb9d45aae3d03a1baa6ef80922627a0766f193
  prism (1.9.0) sha256=7b530c6a9f92c24300014919c9dcbc055bf4cdf51ec30aed099b06cd6674ef85
  racc (1.8.1) sha256=4a7f6929691dbec8b5209a0b373bc2614882b55fc5d2e447a21aaa691303d62f
  rbs (4.1.3) sha256=0c4474a9751cdc14364bfad0b3e53678323bbdc2c31683b0445932867dbab8c4
  rdoc (8.0.0) sha256=03bf8c08a9639658855a0cfd77c0abca8325c227693f7f33f82957811348c469
  regexp_parser (2.12.0) sha256=35a916a1d63190ab5c9009457136ae5f3c0c7512d60291d0d1378ba18ce08ebb
  reline (0.7.0) sha256=5b012d8e55dbf9d450f12bde2cf7d15ff546ae80b3f8f3b30e570d431815583d
  securerandom (0.4.1) sha256=cc5193d414a4341b6e225f0cb4446aceca8e50d5e1888743fac16987638ea0b1
  sorbet-runtime (0.6.13427) sha256=62ceb3186afd62694bf854a455adb00f6804291b44eba8554b357b9fb93a9275
  test-unit (3.7.8) sha256=689d1ca53f4d46f678b4e5d68d8e4294f87fc5e8b9238cc4de7c5727e8d65943
  tsort (0.2.0) sha256=9650a793f6859a43b6641671278f79cfead60ac714148aabe4e3f0060480089f
  unparser (0.9.0) sha256=4331f174a73a23b69250b13d47da3794ed1449711ee0f9ed8947dc020ba76067

BUNDLED WITH
  4.0.6
